
Microsoft Visual Studio Solution File, Format Version 12.00
# Visual Studio Version 16
VisualStudioVersion = 16.0.29306.81
MinimumVisualStudioVersion = 10.0.40219.1
Project("{FAE04EC0-301F-11D3-BF4B-00C04F79EFBC}") = "Hello_World", "Hello_World.csproj", "{6B051BE4-1454-4A28-B596-E087718564DB}"
EndProject
Global
	GlobalSection(SolutionConfigurationPlatforms) = preSolution
		Debug|Any CPU = Debug|Any CPU
		Release|Any CPU = Release|Any CPU
	EndGlobalSection
	GlobalSection(ProjectConfigurationPlatforms) = postSolution
		{6B051BE4-1454-4A28-B596-E087718564DB}.Debug|Any CPU.ActiveCfg = Debug|Any CPU
		{6B051BE4-1454-4A28-B596-E087718564DB}.Debug|Any CPU.Build.0 = Debug|Any CPU
		{6B051BE4-1454-4A28-B596-E087718564DB}.Release|Any CPU.ActiveCfg = Release|Any CPU
		{6B051BE4-1454-4A28-B596-E087718564DB}.Release|Any CPU.Build.0 = Release|Any CPU
	EndGlobalSection
	GlobalSection(SolutionProperties) = preSolution
		HideSolutionNode = FALSE
	EndGlobalSection
	GlobalSection(ExtensibilityGlobals) = postSolution
		SolutionGuid = {A36F0C3B-3DDF-472C-AF50-23C675D84938}
	EndGlobalSection
EndGlobal
